[
	{
		"name": "hamcrest",
		"version": {
			"major": 2,
			"minor": 0,
			"patch": 1,
			"preRelease": 3,
			"preReleaseNum": -1
		},
		"resolved": "http://lib.haxe.org/files/3.0/hamcrest-2,0,1.zip",
		"integrity": "73e2bd6cbb99261733caf137015d5cc58e3f96248d8b01da68be8564989dd906",
		"installable": {
			"version": null,
			"": null
		},
		"original": "hamcrest"
	}
]